NeoBundleLock ctrlp.vim b5d3fe66a58a13d2ff8b6391f4387608496a030f
NeoBundleLock neobundle.vim c2ac00894734e9cd3da53f676582f08b51903cf5
NeoBundleLock neocomplcache 778181767467b8f8016828898779a646074d883a
NeoBundleLock nerdtree b4fa33c39c3317ef8475c3c831360766708af920
NeoBundleLock syntastic 7d627000cec9f71cb162aeebdc929178e228a704
NeoBundleLock vim-fugitive 1ecd12d523ffe031b5840316eeae1f24dd8920e4
